
Microsoft Visual Studio Solution File, Format Version 12.00
# Visual Studio 15
VisualStudioVersion = 15.0.27004.2010
MinimumVisualStudioVersion = 10.0.40219.1
Project("{FAE04EC0-301F-11D3-BF4B-00C04F79EFBC}") = "StoreSystem", "StoreSystem\StoreSystem.csproj", "{ED9B99DC-6498-4BDB-97ED-B0C1A1C3F03E}"
EndProject
Project("{54435603-DBB4-11D2-8724-00A0C9A8B90C}") = "SetupPosSystem", "SetupPosSystem\SetupPosSystem.vdproj", "{423D98DB-E85E-485B-8001-9ABBC53D749D}"
EndProject
Global
	GlobalSection(SolutionConfigurationPlatforms) = preSolution
		Debug|Any CPU = Debug|Any CPU
		Debug|x86 = Debug|x86
		Release|Any CPU = Release|Any CPU
		Release|x86 = Release|x86
	EndGlobalSection
	GlobalSection(ProjectConfigurationPlatforms) = postSolution
		{ED9B99DC-6498-4BDB-97ED-B0C1A1C3F03E}.Debug|Any CPU.ActiveCfg = Debug|Any CPU
		{ED9B99DC-6498-4BDB-97ED-B0C1A1C3F03E}.Debug|Any CPU.Build.0 = Debug|Any CPU
		{ED9B99DC-6498-4BDB-97ED-B0C1A1C3F03E}.Debug|x86.ActiveCfg = Debug|Any CPU
		{ED9B99DC-6498-4BDB-97ED-B0C1A1C3F03E}.Debug|x86.Build.0 = Debug|Any CPU
		{ED9B99DC-6498-4BDB-97ED-B0C1A1C3F03E}.Release|Any CPU.ActiveCfg = Release|Any CPU
		{ED9B99DC-6498-4BDB-97ED-B0C1A1C3F03E}.Release|Any CPU.Build.0 = Release|Any CPU
		{ED9B99DC-6498-4BDB-97ED-B0C1A1C3F03E}.Release|x86.ActiveCfg = Release|Any CPU
		{ED9B99DC-6498-4BDB-97ED-B0C1A1C3F03E}.Release|x86.Build.0 = Release|Any CPU
		{423D98DB-E85E-485B-8001-9ABBC53D749D}.Debug|Any CPU.ActiveCfg = Debug
		{423D98DB-E85E-485B-8001-9ABBC53D749D}.Debug|Any CPU.Build.0 = Debug
		{423D98DB-E85E-485B-8001-9ABBC53D749D}.Debug|x86.ActiveCfg = Debug
		{423D98DB-E85E-485B-8001-9ABBC53D749D}.Debug|x86.Build.0 = Debug
		{423D98DB-E85E-485B-8001-9ABBC53D749D}.Release|Any CPU.ActiveCfg = Release
		{423D98DB-E85E-485B-8001-9ABBC53D749D}.Release|Any CPU.Build.0 = Release
		{423D98DB-E85E-485B-8001-9ABBC53D749D}.Release|x86.ActiveCfg = Release
		{423D98DB-E85E-485B-8001-9ABBC53D749D}.Release|x86.Build.0 = Release
	EndGlobalSection
	GlobalSection(SolutionProperties) = preSolution
		HideSolutionNode = FALSE
	EndGlobalSection
	GlobalSection(ExtensibilityGlobals) = postSolution
		SolutionGuid = {69AE5485-D043-4749-9FA8-71289A9DB0AD}
	EndGlobalSection
EndGlobal
